
Microsoft Visual Studio Solution File, Format Version 12.00
# Visual Studio Version 16
VisualStudioVersion = 16.0.31410.357
MinimumVisualStudioVersion = 10.0.40219.1
Project("{9A19103F-16F7-4668-BE54-9A1E7A4F7556}") = "NCI.PeopleSync.Customization", "NCI.PeopleSync.Customization.csproj", "{07087285-0927-4FF0-BBFA-2595FC0C4243}"
EndProject
Global
	GlobalSection(SolutionConfigurationPlatforms) = preSolution
		Debug|Any CPU = Debug|Any CPU
		Release|Any CPU = Release|Any CPU
	EndGlobalSection
	GlobalSection(ProjectConfigurationPlatforms) = postSolution
		{07087285-0927-4FF0-BBFA-2595FC0C4243}.Debug|Any CPU.ActiveCfg = Debug|Any CPU
		{07087285-0927-4FF0-BBFA-2595FC0C4243}.Debug|Any CPU.Build.0 = Debug|Any CPU
		{07087285-0927-4FF0-BBFA-2595FC0C4243}.Release|Any CPU.ActiveCfg = Release|Any CPU
		{07087285-0927-4FF0-BBFA-2595FC0C4243}.Release|Any CPU.Build.0 = Release|Any CPU
	EndGlobalSection
	GlobalSection(SolutionProperties) = preSolution
		HideSolutionNode = FALSE
	EndGlobalSection
	GlobalSection(ExtensibilityGlobals) = postSolution
		SolutionGuid = {BB7E498B-9F31-4FD9-BD1B-B27E42E95725}
	EndGlobalSection
EndGlobal
